
Microsoft Visual Studio Solution File, Format Version 12.00
# Visual Studio Version 16
VisualStudioVersion = 16.0.30621.155
MinimumVisualStudioVersion = 10.0.40219.1
Project("{FAE04EC0-301F-11D3-BF4B-00C04F79EFBC}") = "GoalsChallenge.Android", "GoalsChallenge.Android\GoalsChallenge.Android.csproj", "{DF0297AD-D678-424A-9149-5D5922B77C2D}"
EndProject
Project("{FAE04EC0-301F-11D3-BF4B-00C04F79EFBC}") = "GoalsChallenge.iOS", "GoalsChallenge.iOS\GoalsChallenge.iOS.csproj", "{34BE150A-153F-4C50-836A-5D0EA34874B3}"
EndProject
Project("{FAE04EC0-301F-11D3-BF4B-00C04F79EFBC}") = "GoalsChallenge", "GoalsChallenge\GoalsChallenge.csproj", "{F396043A-024B-4EDC-920A-4994C97224CE}"
EndProject
Global
	GlobalSection(SolutionConfigurationPlatforms) = preSolution
		Debug|Any CPU = Debug|Any CPU
		Debug|iPhone = Debug|iPhone
		Debug|iPhoneSimulator = Debug|iPhoneSimulator
		Release|Any CPU = Release|Any CPU
		Release|iPhone = Release|iPhone
		Release|iPhoneSimulator = Release|iPhoneSimulator
	EndGlobalSection
	GlobalSection(ProjectConfigurationPlatforms) = postSolution
		{DF0297AD-D678-424A-9149-5D5922B77C2D}.Debug|Any CPU.ActiveCfg = Debug|Any CPU
		{DF0297AD-D678-424A-9149-5D5922B77C2D}.Debug|Any CPU.Build.0 = Debug|Any CPU
		{DF0297AD-D678-424A-9149-5D5922B77C2D}.Debug|Any CPU.Deploy.0 = Debug|Any CPU
		{DF0297AD-D678-424A-9149-5D5922B77C2D}.Debug|iPhone.ActiveCfg = Debug|Any CPU
		{DF0297AD-D678-424A-9149-5D5922B77C2D}.Debug|iPhone.Build.0 = Debug|Any CPU
		{DF0297AD-D678-424A-9149-5D5922B77C2D}.Debug|iPhone.Deploy.0 = Debug|Any CPU
		{DF0297AD-D678-424A-9149-5D5922B77C2D}.Debug|iPhoneSimulator.ActiveCfg = Debug|Any CPU
		{DF0297AD-D678-424A-9149-5D5922B77C2D}.Debug|iPhoneSimulator.Build.0 = Debug|Any CPU
		{DF0297AD-D678-424A-9149-5D5922B77C2D}.Debug|iPhoneSimulator.Deploy.0 = Debug|Any CPU
		{DF0297AD-D678-424A-9149-5D5922B77C2D}.Release|Any CPU.ActiveCfg = Release|Any CPU
		{DF0297AD-D678-424A-9149-5D5922B77C2D}.Release|Any CPU.Build.0 = Release|Any CPU
		{DF0297AD-D678-424A-9149-5D5922B77C2D}.Release|Any CPU.Deploy.0 = Release|Any CPU
		{DF0297AD-D678-424A-9149-5D5922B77C2D}.Release|iPhone.ActiveCfg = Release|Any CPU
		{DF0297AD-D678-424A-9149-5D5922B77C2D}.Release|iPhone.Build.0 = Release|Any CPU
		{DF0297AD-D678-424A-9149-5D5922B77C2D}.Release|iPhone.Deploy.0 = Release|Any CPU
		{DF0297AD-D678-424A-9149-5D5922B77C2D}.Release|iPhoneSimulator.ActiveCfg = Release|Any CPU
		{DF0297AD-D678-424A-9149-5D5922B77C2D}.Release|iPhoneSimulator.Build.0 = Release|Any CPU
		{DF0297AD-D678-424A-9149-5D5922B77C2D}.Release|iPhoneSimulator.Deploy.0 = Release|Any CPU
		{34BE150A-153F-4C50-836A-5D0EA34874B3}.Debug|Any CPU.ActiveCfg = Debug|iPhone
		{34BE150A-153F-4C50-836A-5D0EA34874B3}.Debug|Any CPU.Build.0 = Debug|iPhone
		{34BE150A-153F-4C50-836A-5D0EA34874B3}.Debug|Any CPU.Deploy.0 = Debug|iPhone
		{34BE150A-153F-4C50-836A-5D0EA34874B3}.Debug|iPhone.ActiveCfg = Debug|iPhone
		{34BE150A-153F-4C50-836A-5D0EA34874B3}.Debug|iPhone.Build.0 = Debug|iPhone
		{34BE150A-153F-4C50-836A-5D0EA34874B3}.Debug|iPhone.Deploy.0 = Debug|iPhone
		{34BE150A-153F-4C50-836A-5D0EA34874B3}.Debug|iPhoneSimulator.ActiveCfg = Debug|iPhoneSimulator
		{34BE150A-153F-4C50-836A-5D0EA34874B3}.Debug|iPhoneSimulator.Build.0 = Debug|iPhoneSimulator
		{34BE150A-153F-4C50-836A-5D0EA34874B3}.Debug|iPhoneSimulator.Deploy.0 = Debug|iPhoneSimulator
		{34BE150A-153F-4C50-836A-5D0EA34874B3}.Release|Any CPU.ActiveCfg = Release|iPhoneSimulator
		{34BE150A-153F-4C50-836A-5D0EA34874B3}.Release|Any CPU.Build.0 = Release|iPhoneSimulator
		{34BE150A-153F-4C50-836A-5D0EA34874B3}.Release|Any CPU.Deploy.0 = Release|iPhoneSimulator
		{34BE150A-153F-4C50-836A-5D0EA34874B3}.Release|iPhone.ActiveCfg = Release|iPhone
		{34BE150A-153F-4C50-836A-5D0EA34874B3}.Release|iPhone.Build.0 = Release|iPhone
		{34BE150A-153F-4C50-836A-5D0EA34874B3}.Release|iPhone.Deploy.0 = Release|iPhone
		{34BE150A-153F-4C50-836A-5D0EA34874B3}.Release|iPhoneSimulator.ActiveCfg = Release|iPhoneSimulator
		{34BE150A-153F-4C50-836A-5D0EA34874B3}.Release|iPhoneSimulator.Build.0 = Release|iPhoneSimulator
		{34BE150A-153F-4C50-836A-5D0EA34874B3}.Release|iPhoneSimulator.Deploy.0 = Release|iPhoneSimulator
		{F396043A-024B-4EDC-920A-4994C97224CE}.Debug|Any CPU.ActiveCfg = Debug|Any CPU
		{F396043A-024B-4EDC-920A-4994C97224CE}.Debug|Any CPU.Build.0 = Debug|Any CPU
		{F396043A-024B-4EDC-920A-4994C97224CE}.Debug|Any CPU.Deploy.0 = Debug|Any CPU
		{F396043A-024B-4EDC-920A-4994C97224CE}.Debug|iPhone.ActiveCfg = Debug|Any CPU
		{F396043A-024B-4EDC-920A-4994C97224CE}.Debug|iPhone.Build.0 = Debug|Any CPU
		{F396043A-024B-4EDC-920A-4994C97224CE}.Debug|iPhone.Deploy.0 = Debug|Any CPU
		{F396043A-024B-4EDC-920A-4994C97224CE}.Debug|iPhoneSimulator.ActiveCfg = Debug|Any CPU
		{F396043A-024B-4EDC-920A-4994C97224CE}.Debug|iPhoneSimulator.Build.0 = Debug|Any CPU
		{F396043A-024B-4EDC-920A-4994C97224CE}.Debug|iPhoneSimulator.Deploy.0 = Debug|Any CPU
		{F396043A-024B-4EDC-920A-4994C97224CE}.Release|Any CPU.ActiveCfg = Release|Any CPU
		{F396043A-024B-4EDC-920A-4994C97224CE}.Release|Any CPU.Build.0 = Release|Any CPU
		{F396043A-024B-4EDC-920A-4994C97224CE}.Release|Any CPU.Deploy.0 = Release|Any CPU
		{F396043A-024B-4EDC-920A-4994C97224CE}.Release|iPhone.ActiveCfg = Release|Any CPU
		{F396043A-024B-4EDC-920A-4994C97224CE}.Release|iPhone.Build.0 = Release|Any CPU
		{F396043A-024B-4EDC-920A-4994C97224CE}.Release|iPhone.Deploy.0 = Release|Any CPU
		{F396043A-024B-4EDC-920A-4994C97224CE}.Release|iPhoneSimulator.ActiveCfg = Release|Any CPU
		{F396043A-024B-4EDC-920A-4994C97224CE}.Release|iPhoneSimulator.Build.0 = Release|Any CPU
		{F396043A-024B-4EDC-920A-4994C97224CE}.Release|iPhoneSimulator.Deploy.0 = Release|Any CPU
	EndGlobalSection
	GlobalSection(SolutionProperties) = preSolution
		HideSolutionNode = FALSE
	EndGlobalSection
	GlobalSection(ExtensibilityGlobals) = postSolution
		SolutionGuid = {F7BD3930-027D-4FBC-8DE3-EE619633E2FB}
	EndGlobalSection
EndGlobal
